// !$*UTF8*$!
{
	archiveVersion = 1;
	classes = {
	};
	objectVersion = 46;
	objects = {

/* Begin PBXBuildFile section */
		1A205AE9192CF85500156E91 /* Foundation.framework in Frameworks */ = {isa = PBXBuildFile; fileRef = 1A205AE8192CF85500156E91 /* Foundation.framework */; };
		1A205AEB192CF85500156E91 /* CoreGraphics.framework in Frameworks */ = {isa = PBXBuildFile; fileRef = 1A205AEA192CF85500156E91 /* CoreGraphics.framework */; };
		1A205AED192CF85500156E91 /* UIKit.framework in Frameworks */ = {isa = PBXBuildFile; fileRef = 1A205AEC192CF85500156E91 /* UIKit.framework */; };
		1A205AF3192CF85500156E91 /* InfoPlist.strings in Resources */ = {isa = PBXBuildFile; fileRef = 1A205AF1192CF85500156E91 /* InfoPlist.strings */; };
		1A205AF5192CF85500156E91 /* main.m in Sources */ = {isa = PBXBuildFile; fileRef = 1A205AF4192CF85500156E91 /* main.m */; };
		1A205AF9192CF85500156E91 /* AppDelegate.m in Sources */ = {isa = PBXBuildFile; fileRef = 1A205AF8192CF85500156E91 /* AppDelegate.m */; };
		1A205AFC192CF85500156E91 /* Main_iPhone.storyboard in Resources */ = {isa = PBXBuildFile; fileRef = 1A205AFA192CF85500156E91 /* Main_iPhone.storyboard */; };
		1A205AFF192CF85500156E91 /* Main_iPad.storyboard in Resources */ = {isa = PBXBuildFile; fileRef = 1A205AFD192CF85500156E91 /* Main_iPad.storyboard */; };
		1A205B02192CF85500156E91 /* ViewController.m in Sources */ = {isa = PBXBuildFile; fileRef = 1A205B01192CF85500156E91 /* ViewController.m */; };
		1A205B04192CF85500156E91 /* Images.xcassets in Resources */ = {isa = PBXBuildFile; fileRef = 1A205B03192CF85500156E91 /* Images.xcassets */; };
		1A205B0B192CF85500156E91 /* XCTest.framework in Frameworks */ = {isa = PBXBuildFile; fileRef = 1A205B0A192CF85500156E91 /* XCTest.framework */; };
		1A205B0C192CF85500156E91 /* Foundation.framework in Frameworks */ = {isa = PBXBuildFile; fileRef = 1A205AE8192CF85500156E91 /* Foundation.framework */; };
		1A205B0D192CF85500156E91 /* UIKit.framework in Frameworks */ = {isa = PBXBuildFile; fileRef = 1A205AEC192CF85500156E91 /* UIKit.framework */; };
		1A205B15192CF85500156E91 /* InfoPlist.strings in Resources */ = {isa = PBXBuildFile; fileRef = 1A205B13192CF85500156E91 /* InfoPlist.strings */; };
		1A205B17192CF85500156E91 /* HTTPRequestProjectTests.m in Sources */ = {isa = PBXBuildFile; fileRef = 1A205B16192CF85500156E91 /* HTTPRequestProjectTests.m */; };
/* End PBXBuildFile section */

/* Begin PBXContainerItemProxy section */
		1A205B0E192CF85500156E91 /* PBXContainerItemProxy */ = {
			isa = PBXContainerItemProxy;
			containerPortal = 1A205ADD192CF85500156E91 /* Project object */;
			proxyType = 1;
			remoteGlobalIDString = 1A205AE4192CF85500156E91;
			remoteInfo = HTTPRequestProject;
		};
/* End PBXContainerItemProxy section */

/* Begin PBXFileReference section */
		1A205AE5192CF85500156E91 /* HTTPRequestProject.app */ = {isa = PBXFileReference; explicitFileType = wrapper.application; includeInIndex = 0; path = HTTPRequestProject.app; sourceTree = BUILT_PRODUCTS_DIR; };
		1A205AE8192CF85500156E91 /* Foundation.framework */ = {isa = PBXFileReference; lastKnownFileType = wrapper.framework; name = Foundation.framework; path = System/Library/Frameworks/Foundation.framework; sourceTree = SDKROOT; };
		1A205AEA192CF85500156E91 /* CoreGraphics.framework */ = {isa = PBXFileReference; lastKnownFileType = wrapper.framework; name = CoreGraphics.framework; path = System/Library/Frameworks/CoreGraphics.framework; sourceTree = SDKROOT; };
		1A205AEC192CF85500156E91 /* UIKit.framework */ = {isa = PBXFileReference; lastKnownFileType = wrapper.framework; name = UIKit.framework; path = System/Library/Frameworks/UIKit.framework; sourceTree = SDKROOT; };
		1A205AF0192CF85500156E91 /* HTTPRequestProject-Info.plist */ = {isa = PBXFileReference; lastKnownFileType = text.plist.xml; path = "HTTPRequestProject-Info.plist"; sourceTree = "<group>"; };
		1A205AF2192CF85500156E91 /* en */ = {isa = PBXFileReference; lastKnownFileType = text.plist.strings; name = en; path = en.lproj/InfoPlist.strings; sourceTree = "<group>"; };
		1A205AF4192CF85500156E91 /* main.m */ = {isa = PBXFileReference; lastKnownFileType = sourcecode.c.objc; path = main.m; sourceTree = "<group>"; };
		1A205AF6192CF85500156E91 /* HTTPRequestProject-Prefix.pch */ = {isa = PBXFileReference; lastKnownFileType = sourcecode.c.h; path = "HTTPRequestProject-Prefix.pch"; sourceTree = "<group>"; };
		1A205AF7192CF85500156E91 /* AppDelegate.h */ = {isa = PBXFileReference; lastKnownFileType = sourcecode.c.h; path = AppDelegate.h; sourceTree = "<group>"; };
		1A205AF8192CF85500156E91 /* AppDelegate.m */ = {isa = PBXFileReference; lastKnownFileType = sourcecode.c.objc; path = AppDelegate.m; sourceTree = "<group>"; };
		1A205AFB192CF85500156E91 /* Base */ = {isa = PBXFileReference; lastKnownFileType = file.storyboard; name = Base; path = Base.lproj/Main_iPhone.storyboard; sourceTree = "<group>"; };
		1A205AFE192CF85500156E91 /* Base */ = {isa = PBXFileReference; lastKnownFileType = file.storyboard; name = Base; path = Base.lproj/Main_iPad.storyboard; sourceTree = "<group>"; };
		1A205B00192CF85500156E91 /* ViewController.h */ = {isa = PBXFileReference; lastKnownFileType = sourcecode.c.h; path = ViewController.h; sourceTree = "<group>"; };
		1A205B01192CF85500156E91 /* ViewController.m */ = {isa = PBXFileReference; lastKnownFileType = sourcecode.c.objc; path = ViewController.m; sourceTree = "<group>"; };
		1A205B03192CF85500156E91 /* Images.xcassets */ = {isa = PBXFileReference; lastKnownFileType = folder.assetcatalog; path = Images.xcassets; sourceTree = "<group>"; };
		1A205B09192CF85500156E91 /* HTTPRequestProjectTests.xctest */ = {isa = PBXFileReference; explicitFileType = wrapper.cfbundle; includeInIndex = 0; path = HTTPRequestProjectTests.xctest; sourceTree = BUILT_PRODUCTS_DIR; };
		1A205B0A192CF85500156E91 /* XCTest.framework */ = {isa = PBXFileReference; lastKnownFileType = wrapper.framework; name = XCTest.framework; path = Library/Frameworks/XCTest.framework; sourceTree = DEVELOPER_DIR; };
		1A205B12192CF85500156E91 /* HTTPRequestProjectTests-Info.plist */ = {isa = PBXFileReference; lastKnownFileType = text.plist.xml; path = "HTTPRequestProjectTests-Info.plist"; sourceTree = "<group>"; };
		1A205B14192CF85500156E91 /* en */ = {isa = PBXFileReference; lastKnownFileType = text.plist.strings; name = en; path = en.lproj/InfoPlist.strings; sourceTree = "<group>"; };
		1A205B16192CF85500156E91 /* HTTPRequestProjectTests.m */ = {isa = PBXFileReference; lastKnownFileType = sourcecode.c.objc; path = HTTPRequestProjectTests.m; sourceTree = "<group>"; };
/* End PBXFileReference section */

/* Begin PBXFrameworksBuildPhase section */
		1A205AE2192CF85500156E91 /* Frameworks */ = {
			isa = PBXFrameworksBuildPhase;
			buildActionMask = 2147483647;
			files = (
				1A205AEB192CF85500156E91 /* CoreGraphics.framework in Frameworks */,
				1A205AED192CF85500156E91 /* UIKit.framework in Frameworks */,
				1A205AE9192CF85500156E91 /* Foundation.framework in Frameworks */,
			);
			runOnlyForDeploymentPostprocessing = 0;
		};
		1A205B06192CF85500156E91 /* Frameworks */ = {
			isa = PBXFrameworksBuildPhase;
			buildActionMask = 2147483647;
			files = (
				1A205B0B192CF85500156E91 /* XCTest.framework in Frameworks */,
				1A205B0D192CF85500156E91 /* UIKit.framework in Frameworks */,
				1A205B0C192CF85500156E91 /* Foundation.framework in Frameworks */,
			);
			runOnlyForDeploymentPostprocessing = 0;
		};
/* End PBXFrameworksBuildPhase section */

/* Begin PBXGroup section */
		1A205ADC192CF85500156E91 = {
			isa = PBXGroup;
			children = (
				1A205AEE192CF85500156E91 /* HTTPRequestProject */,
				1A205B10192CF85500156E91 /* HTTPRequestProjectTests */,
				1A205AE7192CF85500156E91 /* Frameworks */,
				1A205AE6192CF85500156E91 /* Products */,
			);
			sourceTree = "<group>";
		};
		1A205AE6192CF85500156E91 /* Products */ = {
			isa = PBXGroup;
			children = (
				1A205AE5192CF85500156E91 /* HTTPRequestProject.app */,
				1A205B09192CF85500156E91 /* HTTPRequestProjectTests.xctest */,
			);
			name = Products;
			sourceTree = "<group>";
		};
		1A205AE7192CF85500156E91 /* Frameworks */ = {
			isa = PBXGroup;
			children = (
				1A205AE8192CF85500156E91 /* Foundation.framework */,
				1A205AEA192CF85500156E91 /* CoreGraphics.framework */,
				1A205AEC192CF85500156E91 /* UIKit.framework */,
				1A205B0A192CF85500156E91 /* XCTest.framework */,
			);
			name = Frameworks;
			sourceTree = "<group>";
		};
		1A205AEE192CF85500156E91 /* HTTPRequestProject */ = {
			isa = PBXGroup;
			children = (
				1A205AF7192CF85500156E91 /* AppDelegate.h */,
				1A205AF8192CF85500156E91 /* AppDelegate.m */,
				1A205AFA192CF85500156E91 /* Main_iPhone.storyboard */,
				1A205AFD192CF85500156E91 /* Main_iPad.storyboard */,
				1A205B00192CF85500156E91 /* ViewController.h */,
				1A205B01192CF85500156E91 /* ViewController.m */,
				1A205B03192CF85500156E91 /* Images.xcassets */,
				1A205AEF192CF85500156E91 /* Supporting Files */,
			);
			path = HTTPRequestProject;
			sourceTree = "<group>";
		};
		1A205AEF192CF85500156E91 /* Supporting Files */ = {
			isa = PBXGroup;
			children = (
				1A205AF0192CF85500156E91 /* HTTPRequestProject-Info.plist */,
				1A205AF1192CF85500156E91 /* InfoPlist.strings */,
				1A205AF4192CF85500156E91 /* main.m */,
				1A205AF6192CF85500156E91 /* HTTPRequestProject-Prefix.pch */,
			);
			name = "Supporting Files";
			sourceTree = "<group>";
		};
		1A205B10192CF85500156E91 /* HTTPRequestProjectTests */ = {
			isa = PBXGroup;
			children = (
				1A205B16192CF85500156E91 /* HTTPRequestProjectTests.m */,
				1A205B11192CF85500156E91 /* Supporting Files */,
			);
			path = HTTPRequestProjectTests;
			sourceTree = "<group>";
		};
		1A205B11192CF85500156E91 /* Supporting Files */ = {
			isa = PBXGroup;
			children = (
				1A205B12192CF85500156E91 /* HTTPRequestProjectTests-Info.plist */,
				1A205B13192CF85500156E91 /* InfoPlist.strings */,
			);
			name = "Supporting Files";
			sourceTree = "<group>";
		};
/* End PBXGroup section */

/* Begin PBXNativeTarget section */
		1A205AE4192CF85500156E91 /* HTTPRequestProject */ = {
			isa = PBXNativeTarget;
			buildConfigurationList = 1A205B1A192CF85500156E91 /* Build configuration list for PBXNativeTarget "HTTPRequestProject" */;
			buildPhases = (
				1A205AE1192CF85500156E91 /* Sources */,
				1A205AE2192CF85500156E91 /* Frameworks */,
				1A205AE3192CF85500156E91 /* Resources */,
			);
			buildRules = (
			);
			dependencies = (
			);
			name = HTTPRequestProject;
			productName = HTTPRequestProject;
			productReference = 1A205AE5192CF85500156E91 /* HTTPRequestProject.app */;
			productType = "com.apple.product-type.application";
		};
		1A205B08192CF85500156E91 /* HTTPRequestProjectTests */ = {
			isa = PBXNativeTarget;
			buildConfigurationList = 1A205B1D192CF85500156E91 /* Build configuration list for PBXNativeTarget "HTTPRequestProjectTests" */;
			buildPhases = (
				1A205B05192CF85500156E91 /* Sources */,
				1A205B06192CF85500156E91 /* Frameworks */,
				1A205B07192CF85500156E91 /* Resources */,
			);
			buildRules = (
			);
			dependencies = (
				1A205B0F192CF85500156E91 /* PBXTargetDependency */,
			);
			name = HTTPRequestProjectTests;
			productName = HTTPRequestProjectTests;
			productReference = 1A205B09192CF85500156E91 /* HTTPRequestProjectTests.xctest */;
			productType = "com.apple.product-type.bundle.unit-test";
		};
/* End PBXNativeTarget section */

/* Begin PBXProject section */
		1A205ADD192CF85500156E91 /* Project object */ = {
			isa = PBXProject;
			attributes = {
				LastUpgradeCheck = 0510;
				ORGANIZATIONNAME = "Asaf Fisher";
				TargetAttributes = {
					1A205B08192CF85500156E91 = {
						TestTargetID = 1A205AE4192CF85500156E91;
					};
				};
			};
			buildConfigurationList = 1A205AE0192CF85500156E91 /* Build configuration list for PBXProject "HTTPRequestProject" */;
			compatibilityVersion = "Xcode 3.2";
			developmentRegion = English;
			hasScannedForEncodings = 0;
			knownRegions = (
				en,
				Base,
			);
			mainGroup = 1A205ADC192CF85500156E91;
			productRefGroup = 1A205AE6192CF85500156E91 /* Products */;
			projectDirPath = "";
			projectRoot = "";
			targets = (
				1A205AE4192CF85500156E91 /* HTTPRequestProject */,
				1A205B08192CF85500156E91 /* HTTPRequestProjectTests */,
			);
		};
/* End PBXProject section */

/* Begin PBXResourcesBuildPhase section */
		1A205AE3192CF85500156E91 /* Resources */ = {
			isa = PBXResourcesBuildPhase;
			buildActionMask = 2147483647;
			files = (
				1A205AFF192CF85500156E91 /* Main_iPad.storyboard in Resources */,
				1A205B04192CF85500156E91 /* Images.xcassets in Resources */,
				1A205AFC192CF85500156E91 /* Main_iPhone.storyboard in Resources */,
				1A205AF3192CF85500156E91 /* InfoPlist.strings in Resources */,
			);
			runOnlyForDeploymentPostprocessing = 0;
		};
		1A205B07192CF85500156E91 /* Resources */ = {
			isa = PBXResourcesBuildPhase;
			buildActionMask = 2147483647;
			files = (
				1A205B15192CF85500156E91 /* InfoPlist.strings in Resources */,
			);
			runOnlyForDeploymentPostprocessing = 0;
		};
/* End PBXResourcesBuildPhase section */

/* Begin PBXSourcesBuildPhase section */
		1A205AE1192CF85500156E91 /* Sources */ = {
			isa = PBXSourcesBuildPhase;
			buildActionMask = 2147483647;
			files = (
				1A205B02192CF85500156E91 /* ViewController.m in Sources */,
				1A205AF9192CF85500156E91 /* AppDelegate.m in Sources */,
				1A205AF5192CF85500156E91 /* main.m in Sources */,
			);
			runOnlyForDeploymentPostprocessing = 0;
		};
		1A205B05192CF85500156E91 /* Sources */ = {
			isa = PBXSourcesBuildPhase;
			buildActionMask = 2147483647;
			files = (
				1A205B17192CF85500156E91 /* HTTPRequestProjectTests.m in Sources */,
			);
			runOnlyForDeploymentPostprocessing = 0;
		};
/* End PBXSourcesBuildPhase section */

/* Begin PBXTargetDependency section */
		1A205B0F192CF85500156E91 /* PBXTargetDependency */ = {
			isa = PBXTargetDependency;
			target = 1A205AE4192CF85500156E91 /* HTTPRequestProject */;
			targetProxy = 1A205B0E192CF85500156E91 /* PBXContainerItemProxy */;
		};
/* End PBXTargetDependency section */

/* Begin PBXVariantGroup section */
		1A205AF1192CF85500156E91 /* InfoPlist.strings */ = {
			isa = PBXVariantGroup;
			children = (
				1A205AF2192CF85500156E91 /* en */,
			);
			name = InfoPlist.strings;
			sourceTree = "<group>";
		};
		1A205AFA192CF85500156E91 /* Main_iPhone.storyboard */ = {
			isa = PBXVariantGroup;
			children = (
				1A205AFB192CF85500156E91 /* Base */,
			);
			name = Main_iPhone.storyboard;
			sourceTree = "<group>";
		};
		1A205AFD192CF85500156E91 /* Main_iPad.storyboard */ = {
			isa = PBXVariantGroup;
			children = (
				1A205AFE192CF85500156E91 /* Base */,
			);
			name = Main_iPad.storyboard;
			sourceTree = "<group>";
		};
		1A205B13192CF85500156E91 /* InfoPlist.strings */ = {
			isa = PBXVariantGroup;
			children = (
				1A205B14192CF85500156E91 /* en */,
			);
			name = InfoPlist.strings;
			sourceTree = "<group>";
		};
/* End PBXVariantGroup section */

/* Begin XCBuildConfiguration section */
		1A205B18192CF85500156E91 /* Debug */ = {
			isa = XCBuildConfiguration;
			buildSettings = {
				ALWAYS_SEARCH_USER_PATHS = NO;
				CLANG_CXX_LANGUAGE_STANDARD = "gnu++0x";
				CLANG_CXX_LIBRARY = "libc++";
				CLANG_ENABLE_MODULES = YES;
				CLANG_ENABLE_OBJC_ARC = YES;
				CLANG_WARN_BOOL_CONVERSION = YES;
				CLANG_WARN_CONSTANT_CONVERSION = YES;
				CLANG_WARN_DIRECT_OBJC_ISA_USAGE = YES_ERROR;
				CLANG_WARN_EMPTY_BODY = YES;
				CLANG_WARN_ENUM_CONVERSION = YES;
				CLANG_WARN_INT_CONVERSION = YES;
				CLANG_WARN_OBJC_ROOT_CLASS = YES_ERROR;
				CLANG_WARN__DUPLICATE_METHOD_MATCH = YES;
				"CODE_SIGN_IDENTITY[sdk=iphoneos*]" = "iPhone Developer";
				COPY_PHASE_STRIP = NO;
				GCC_C_LANGUAGE_STANDARD = gnu99;
				GCC_DYNAMIC_NO_PIC = NO;
				GCC_OPTIMIZATION_LEVEL = 0;
				GCC_PREPROCESSOR_DEFINITIONS = (
					"DEBUG=1",
					"$(inherited)",
				);
				GCC_SYMBOLS_PRIVATE_EXTERN = NO;
				GCC_WARN_64_TO_32_BIT_CONVERSION = YES;
				GCC_WARN_ABOUT_RETURN_TYPE = YES_ERROR;
				GCC_WARN_UNDECLARED_SELECTOR = YES;
				GCC_WARN_UNINITIALIZED_AUTOS = YES_AGGRESSIVE;
				GCC_WARN_UNUSED_FUNCTION = YES;
				GCC_WARN_UNUSED_VARIABLE = YES;
				IPHONEOS_DEPLOYMENT_TARGET = 7.1;
				ONLY_ACTIVE_ARCH = YES;
				SDKROOT = iphoneos;
				TARGETED_DEVICE_FAMILY = "1,2";
			};
			name = Debug;
		};
		1A205B19192CF85500156E91 /* Release */ = {
			isa = XCBuildConfiguration;
			buildSettings = {
				ALWAYS_SEARCH_USER_PATHS = NO;
				CLANG_CXX_LANGUAGE_STANDARD = "gnu++0x";
				CLANG_CXX_LIBRARY = "libc++";
				CLANG_ENABLE_MODULES = YES;
				CLANG_ENABLE_OBJC_ARC = YES;
				CLANG_WARN_BOOL_CONVERSION = YES;
				CLANG_WARN_CONSTANT_CONVERSION = YES;
				CLANG_WARN_DIRECT_OBJC_ISA_USAGE = YES_ERROR;
				CLANG_WARN_EMPTY_BODY = YES;
				CLANG_WARN_ENUM_CONVERSION = YES;
				CLANG_WARN_INT_CONVERSION = YES;
				CLANG_WARN_OBJC_ROOT_CLASS = YES_ERROR;
				CLANG_WARN__DUPLICATE_METHOD_MATCH = YES;
				"CODE_SIGN_IDENTITY[sdk=iphoneos*]" = "iPhone Developer";
				COPY_PHASE_STRIP = YES;
				ENABLE_NS_ASSERTIONS = NO;
				GCC_C_LANGUAGE_STANDARD = gnu99;
				GCC_WARN_64_TO_32_BIT_CONVERSION = YES;
				GCC_WARN_ABOUT_RETURN_TYPE = YES_ERROR;
				GCC_WARN_UNDECLARED_SELECTOR = YES;
				GCC_WARN_UNINITIALIZED_AUTOS = YES_AGGRESSIVE;
				GCC_WARN_UNUSED_FUNCTION = YES;
				GCC_WARN_UNUSED_VARIABLE = YES;
				IPHONEOS_DEPLOYMENT_TARGET = 7.1;
				SDKROOT = iphoneos;
				TARGETED_DEVICE_FAMILY = "1,2";
				VALIDATE_PRODUCT = YES;
			};
			name = Release;
		};
		1A205B1B192CF85500156E91 /* Debug */ = {
			isa = XCBuildConfiguration;
			buildSettings = {
				ASSETCATALOG_COMPILER_APPICON_NAME = AppIcon;
				ASSETCATALOG_COMPILER_LAUNCHIMAGE_NAME = LaunchImage;
				GCC_PRECOMPILE_PREFIX_HEADER = YES;
				GCC_PREFIX_HEADER = "HTTPRequestProject/HTTPRequestProject-Prefix.pch";
				INFOPLIST_FILE = "HTTPRequestProject/HTTPRequestProject-Info.plist";
				PRODUCT_NAME = "$(TARGET_NAME)";
				WRAPPER_EXTENSION = app;
			};
			name = Debug;
		};
		1A205B1C192CF85500156E91 /* Release */ = {
			isa = XCBuildConfiguration;
			buildSettings = {
				ASSETCATALOG_COMPILER_APPICON_NAME = AppIcon;
				ASSETCATALOG_COMPILER_LAUNCHIMAGE_NAME = LaunchImage;
				GCC_PRECOMPILE_PREFIX_HEADER = YES;
				GCC_PREFIX_HEADER = "HTTPRequestProject/HTTPRequestProject-Prefix.pch";
				INFOPLIST_FILE = "HTTPRequestProject/HTTPRequestProject-Info.plist";
				PRODUCT_NAME = "$(TARGET_NAME)";
				WRAPPER_EXTENSION = app;
			};
			name = Release;
		};
		1A205B1E192CF85500156E91 /* Debug */ = {
			isa = XCBuildConfiguration;
			buildSettings = {
				BUNDLE_LOADER = "$(BUILT_PRODUCTS_DIR)/HTTPRequestProject.app/HTTPRequestProject";
				FRAMEWORK_SEARCH_PATHS = (
					"$(SDKROOT)/Developer/Library/Frameworks",
					"$(inherited)",
					"$(DEVELOPER_FRAMEWORKS_DIR)",
				);
				GCC_PRECOMPILE_PREFIX_HEADER = YES;
				GCC_PREFIX_HEADER = "HTTPRequestProject/HTTPRequestProject-Prefix.pch";
				GCC_PREPROCESSOR_DEFINITIONS = (
					"DEBUG=1",
					"$(inherited)",
				);
				INFOPLIST_FILE = "HTTPRequestProjectTests/HTTPRequestProjectTests-Info.plist";
				PRODUCT_NAME = "$(TARGET_NAME)";
				TEST_HOST = "$(BUNDLE_LOADER)";
				WRAPPER_EXTENSION = xctest;
			};
			name = Debug;
		};
		1A205B1F192CF85500156E91 /* Release */ = {
			isa = XCBuildConfiguration;
			buildSettings = {
				BUNDLE_LOADER = "$(BUILT_PRODUCTS_DIR)/HTTPRequestProject.app/HTTPRequestProject";
				FRAMEWORK_SEARCH_PATHS = (
					"$(SDKROOT)/Developer/Library/Frameworks",
					"$(inherited)",
					"$(DEVELOPER_FRAMEWORKS_DIR)",
				);
				GCC_PRECOMPILE_PREFIX_HEADER = YES;
				GCC_PREFIX_HEADER = "HTTPRequestProject/HTTPRequestProject-Prefix.pch";
				INFOPLIST_FILE = "HTTPRequestProjectTests/HTTPRequestProjectTests-Info.plist";
				PRODUCT_NAME = "$(TARGET_NAME)";
				TEST_HOST = "$(BUNDLE_LOADER)";
				WRAPPER_EXTENSION = xctest;
			};
			name = Release;
		};
/* End XCBuildConfiguration section */

/* Begin XCConfigurationList section */
		1A205AE0192CF85500156E91 /* Build configuration list for PBXProject "HTTPRequestProject" */ = {
			isa = XCConfigurationList;
			buildConfigurations = (
				1A205B18192CF85500156E91 /* Debug */,
				1A205B19192CF85500156E91 /* Release */,
			);
			defaultConfigurationIsVisible = 0;
			defaultConfigurationName = Release;
		};
		1A205B1A192CF85500156E91 /* Build configuration list for PBXNativeTarget "HTTPRequestProject" */ = {
			isa = XCConfigurationList;
			buildConfigurations = (
				1A205B1B192CF85500156E91 /* Debug */,
				1A205B1C192CF85500156E91 /* Release */,
			);
			defaultConfigurationIsVisible = 0;
		};
		1A205B1D192CF85500156E91 /* Build configuration list for PBXNativeTarget "HTTPRequestProjectTests" */ = {
			isa = XCConfigurationList;
			buildConfigurations = (
				1A205B1E192CF85500156E91 /* Debug */,
				1A205B1F192CF85500156E91 /* Release */,
			);
			defaultConfigurationIsVisible = 0;
		};
/* End XCConfigurationList section */
	};
	rootObject = 1A205ADD192CF85500156E91 /* Project object */;
}
